
Microsoft Visual Studio Solution File, Format Version 12.00
# Visual Studio Version 16
VisualStudioVersion = 16.0.32630.194
MinimumVisualStudioVersion = 10.0.40219.1
Project("{2150E333-8FDC-42A3-9474-1A3956D46DE8}") = "0 - Presentation", "0 - Presentation", "{49F5400A-673E-4535-98EE-EBFA2CFF988E}"
EndProject
Project("{FAE04EC0-301F-11D3-BF4B-00C04F79EFBC}") = "ARPresentation", "ARPresentation\ARPresentation.csproj", "{2DFDCFCA-6AB5-4D43-A564-BB86656C547F}"
EndProject
Global
	GlobalSection(SolutionConfigurationPlatforms) = preSolution
		Debug|Any CPU = Debug|Any CPU
		Release|Any CPU = Release|Any CPU
	EndGlobalSection
	GlobalSection(ProjectConfigurationPlatforms) = postSolution
		{2DFDCFCA-6AB5-4D43-A564-BB86656C547F}.Debug|Any CPU.ActiveCfg = Debug|Any CPU
		{2DFDCFCA-6AB5-4D43-A564-BB86656C547F}.Debug|Any CPU.Build.0 = Debug|Any CPU
		{2DFDCFCA-6AB5-4D43-A564-BB86656C547F}.Release|Any CPU.ActiveCfg = Release|Any CPU
		{2DFDCFCA-6AB5-4D43-A564-BB86656C547F}.Release|Any CPU.Build.0 = Release|Any CPU
	EndGlobalSection
	GlobalSection(SolutionProperties) = preSolution
		HideSolutionNode = FALSE
	EndGlobalSection
	GlobalSection(NestedProjects) = preSolution
		{2DFDCFCA-6AB5-4D43-A564-BB86656C547F} = {49F5400A-673E-4535-98EE-EBFA2CFF988E}
	EndGlobalSection
	GlobalSection(ExtensibilityGlobals) = postSolution
		SolutionGuid = {FA79E35D-439D-4735-9363-E1FC79810D13}
	EndGlobalSection
EndGlobal
